# THIS IS AN AUTOGENERATED FILE. DO NOT EDIT THIS FILE DIRECTLY.
# yarn lockfile v1


bluebird@^3.0.6:
  version "3.7.1"
  resolved "https://registry.yarnpkg.com/bluebird/-/bluebird-3.7.1.tgz#df70e302b471d7473489acf26a93d63b53f874de"
  integrity sha512-DdmyoGCleJnkbp3nkbxTLJ18rjDsE4yCggEwKNXkeV123sPNfOCYeDoeuOY+F2FrSjO1YXcTU+dsy96KMy+gcg==

commander@^2.9.0:
  version "2.20.3"
  resolved "https://registry.yarnpkg.com/commander/-/commander-2.20.3.tgz#fd485e84c03eb4881c20722ba48035e8531aeb33"
  integrity sha512-GpVkmM8vF2vQUkj2LvZmD35JxeJOLCwJ9cUkugyk2nuhbv3+mJvpLYYt+0+USMxE+oj+ey/lJEnhZw75x/OMcQ==

generate-changelog@^1.8.0:
  version "1.8.0"
  resolved "https://registry.yarnpkg.com/generate-changelog/-/generate-changelog-1.8.0.tgz#1d788cdef5a13a649da7eb2a1f3b02674850e4a8"
  integrity sha512-msgpxeB75Ziyg3wGsZuPNl7c5RxChMKmYcAX5obnhUow90dBZW3nLic6nxGtst7Bpx453oS6zAIHcX7F3QVasw==
  dependencies:
    bluebird "^3.0.6"
    commander "^2.9.0"
    github-url-from-git "^1.4.0"

github-url-from-git@^1.4.0:
  version "1.5.0"
  resolved "https://registry.yarnpkg.com/github-url-from-git/-/github-url-from-git-1.5.0.tgz#f985fedcc0a9aa579dc88d7aff068d55cc6251a0"
  integrity sha1-+YX+3MCpqledyI16/waNVcxiUaA=
